lockfileVersion: '9.0'

settings:
  autoInstallPeers: true
  excludeLinksFromLockfile: false

importers:

  .:
    devDependencies:
      esbuild:
        specifier: ^0.24.0
        version: 0.24.0
      husky:
        specifier: ^9.1.6
        version: 9.1.6
      kleur:
        specifier: ^4.1.5
        version: 4.1.5
      prettier:
        specifier: ^3.3.3
        version: 3.3.3
      prompts:
        specifier: ^2.4.2
        version: 2.4.2
      zx:
        specifier: ^8.2.0
        version: 8.2.1

packages:

  '@esbuild/darwin-arm64@0.24.0':
    resolution: {integrity: sha1-LQ2UFPKsv/0thumCU5FPymA6U90=, tarball: http://registry.m.jd.com/@esbuild/darwin-arm64/download/@esbuild/darwin-arm64-0.24.0.tgz}
    engines: {node: '>=18'}

  '@esbuild/darwin-x64@0.24.0':
    resolution: {integrity: sha1-Mwh6qzGh62TIna89LPjOF3VlYQc=, tarball: http://registry.m.jd.com/@esbuild/darwin-x64/download/@esbuild/darwin-x64-0.24.0.tgz}
    engines: {node: '>=18'}

  '@esbuild/linux-x64@0.24.0':
    resolution: {integrity: sha1-SvSMXAR5VpsfNZ/7ziLRXyYcDO8=, tarball: http://registry.m.jd.com/@esbuild/linux-x64/download/@esbuild/linux-x64-0.24.0.tgz}
    engines: {node: '>=18'}

  '@esbuild/win32-x64@0.24.0':
    resolution: {integrity: sha1-Foqxx+HDGLkiY3+tjzOdSLAeEkQ=, tarball: http://registry.m.jd.com/@esbuild/win32-x64/download/@esbuild/win32-x64-0.24.0.tgz}
    engines: {node: '>=18'}

  '@types/fs-extra@11.0.4':
    resolution: {integrity: sha1-4WqGO7iEP7qMUAQ2K1pz4XvsykU=, tarball: http://registry.m.jd.com/@types/fs-extra/download/@types/fs-extra-11.0.4.tgz}

  '@types/jsonfile@6.1.4':
    resolution: {integrity: sha1-YUr+waEWTn1nC0p61k3z5763twI=, tarball: http://registry.m.jd.com/@types/jsonfile/download/@types/jsonfile-6.1.4.tgz}

  '@types/node@22.9.0':
    resolution: {integrity: sha1-t/FuXDOEeIVCxy3D1WGnzq4sA2U=, tarball: http://registry.m.jd.com/@types/node/download/@types/node-22.9.0.tgz}

  esbuild@0.24.0:
    resolution: {integrity: sha1-8tRwWWiF/LLpHCHrPaOzyJwLVec=, tarball: http://registry.m.jd.com/esbuild/download/esbuild-0.24.0.tgz}
    engines: {node: '>=18'}
    hasBin: true

  husky@9.1.6:
    resolution: {integrity: sha1-4jqplrYgOrM1NL3IIwawzyywfWw=, tarball: http://registry.m.jd.com/husky/download/husky-9.1.6.tgz}
    engines: {node: '>=18'}
    hasBin: true

  kleur@3.0.3:
    resolution: {integrity: sha1-p5yezIbuHOP6YgbRIWxQHxR/wH4=, tarball: http://registry.m.jd.com/kleur/download/kleur-3.0.3.tgz}
    engines: {node: '>=6'}

  kleur@4.1.5:
    resolution: {integrity: sha1-lRBhAXlfcFDGxlDzUMaD/r3bF4A=, tarball: http://registry.m.jd.com/kleur/download/kleur-4.1.5.tgz}
    engines: {node: '>=6'}

  prettier@3.3.3:
    resolution: {integrity: sha1-MMVP4L4NjRLmrmHbsQEJ6gDVMQU=, tarball: http://registry.m.jd.com/prettier/download/prettier-3.3.3.tgz}
    engines: {node: '>=14'}
    hasBin: true

  prompts@2.4.2:
    resolution: {integrity: sha1-e1fnOzpIAprRDr1E90sBcipMsGk=, tarball: http://registry.m.jd.com/prompts/download/prompts-2.4.2.tgz}
    engines: {node: '>= 6'}

  sisteransi@1.0.5:
    resolution: {integrity: sha1-E01oEpd1ZDfMBcoBNw06elcQde0=, tarball: http://registry.m.jd.com/sisteransi/download/sisteransi-1.0.5.tgz}

  undici-types@6.19.8:
    resolution: {integrity: sha1-NREcnRQ3q4OnzcCrri8m2I7aCgI=, tarball: http://registry.m.jd.com/undici-types/download/undici-types-6.19.8.tgz}

  zx@8.2.1:
    resolution: {integrity: sha1-fcjPpIvQR7vANT33uON0ZWTk6tE=, tarball: http://registry.m.jd.com/zx/download/zx-8.2.1.tgz}
    engines: {node: '>= 12.17.0'}
    hasBin: true

snapshots:

  '@esbuild/darwin-arm64@0.24.0':
    optional: true

  '@esbuild/darwin-x64@0.24.0':
    optional: true

  '@esbuild/linux-x64@0.24.0':
    optional: true

  '@esbuild/win32-x64@0.24.0':
    optional: true

  '@types/fs-extra@11.0.4':
    dependencies:
      '@types/jsonfile': 6.1.4
      '@types/node': 22.9.0
    optional: true

  '@types/jsonfile@6.1.4':
    dependencies:
      '@types/node': 22.9.0
    optional: true

  '@types/node@22.9.0':
    dependencies:
      undici-types: 6.19.8
    optional: true

  esbuild@0.24.0:
    optionalDependencies:
      '@esbuild/darwin-arm64': 0.24.0
      '@esbuild/darwin-x64': 0.24.0
      '@esbuild/linux-x64': 0.24.0
      '@esbuild/win32-x64': 0.24.0

  husky@9.1.6: {}

  kleur@3.0.3: {}

  kleur@4.1.5: {}

  prettier@3.3.3: {}

  prompts@2.4.2:
    dependencies:
      kleur: 3.0.3
      sisteransi: 1.0.5

  sisteransi@1.0.5: {}

  undici-types@6.19.8:
    optional: true

  zx@8.2.1:
    optionalDependencies:
      '@types/fs-extra': 11.0.4
      '@types/node': 22.9.0
